
Microsoft Visual Studio Solution File, Format Version 12.00
# Visual Studio Version 17
VisualStudioVersion = 17.5.002.0
MinimumVisualStudioVersion = 10.0.40219.1
Project("{9A19103F-16F7-4668-BE54-9A1E7A4F7556}") = "SchoolManagementApp.MVC", "SchoolManagementApp.MVC.csproj", "{770E7A2E-8539-44C5-B625-611E7EE64210}"
EndProject
Global
	GlobalSection(SolutionConfigurationPlatforms) = preSolution
		Debug|Any CPU = Debug|Any CPU
		Release|Any CPU = Release|Any CPU
	EndGlobalSection
	GlobalSection(ProjectConfigurationPlatforms) = postSolution
		{770E7A2E-8539-44C5-B625-611E7EE64210}.Debug|Any CPU.ActiveCfg = Debug|Any CPU
		{770E7A2E-8539-44C5-B625-611E7EE64210}.Debug|Any CPU.Build.0 = Debug|Any CPU
		{770E7A2E-8539-44C5-B625-611E7EE64210}.Release|Any CPU.ActiveCfg = Release|Any CPU
		{770E7A2E-8539-44C5-B625-611E7EE64210}.Release|Any CPU.Build.0 = Release|Any CPU
	EndGlobalSection
	GlobalSection(SolutionProperties) = preSolution
		HideSolutionNode = FALSE
	EndGlobalSection
	GlobalSection(ExtensibilityGlobals) = postSolution
		SolutionGuid = {8DF44634-2F56-4337-B88F-CA47A021F2B2}
	EndGlobalSection
EndGlobal
